Microsoft Visual Studio Solution File, Format Version 11.00
# Visual Studio 2008

Project("{EE0BDC60-54EF-55F5-BDAE-89A348769A73}") = "VR Assets", "Assembly-CSharp.csproj", "{31513413-0C0B-9719-9530-8CD3C7A9C930}"
EndProject
Global
	GlobalSection(SolutionConfigurationPlatforms) = preSolution
		Debug|Any CPU = Debug|Any CPU
		Release|Any CPU = Release|Any CPU
	EndGlobalSection
	GlobalSection(ProjectConfigurationPlatforms) = postSolution
		{31513413-0C0B-9719-9530-8CD3C7A9C930}.Debug|Any CPU.ActiveCfg = Debug|Any CPU
		{31513413-0C0B-9719-9530-8CD3C7A9C930}.Debug|Any CPU.Build.0 = Debug|Any CPU
		{31513413-0C0B-9719-9530-8CD3C7A9C930}.Release|Any CPU.ActiveCfg = Release|Any CPU
		{31513413-0C0B-9719-9530-8CD3C7A9C930}.Release|Any CPU.Build.0 = Release|Any CPU
	EndGlobalSection
	GlobalSection(SolutionProperties) = preSolution
		HideSolutionNode = FALSE
	EndGlobalSection
	GlobalSection(MonoDevelopProperties) = preSolution
		StartupItem = Assembly-CSharp.csproj
	EndGlobalSection
EndGlobal
